
Microsoft Visual Studio Solution File, Format Version 12.00
# Visual Studio 15
VisualStudioVersion = 15.0.28307.1622
MinimumVisualStudioVersion = 10.0.40219.1
Project("{FAE04EC0-301F-11D3-BF4B-00C04F79EFBC}") = "Laboratorio10_PruebasUnitarias", "Laboratorio10_PruebasUnitarias\Laboratorio10_PruebasUnitarias.csproj", "{7CC6B6D2-7DE6-4A05-9354-4567AA2CA047}"
EndProject
Project("{FAE04EC0-301F-11D3-BF4B-00C04F79EFBC}") = "Laboratorio10_PruebasUnitarias.Tests", "Laboratorio10_PruebasUnitarias.Tests\Laboratorio10_PruebasUnitarias.Tests.csproj", "{B402C674-671D-4A1B-B041-05396548581D}"
EndProject
Global
	GlobalSection(SolutionConfigurationPlatforms) = preSolution
		Debug|Any CPU = Debug|Any CPU
		Release|Any CPU = Release|Any CPU
	EndGlobalSection
	GlobalSection(ProjectConfigurationPlatforms) = postSolution
		{7CC6B6D2-7DE6-4A05-9354-4567AA2CA047}.Debug|Any CPU.ActiveCfg = Debug|Any CPU
		{7CC6B6D2-7DE6-4A05-9354-4567AA2CA047}.Debug|Any CPU.Build.0 = Debug|Any CPU
		{7CC6B6D2-7DE6-4A05-9354-4567AA2CA047}.Release|Any CPU.ActiveCfg = Release|Any CPU
		{7CC6B6D2-7DE6-4A05-9354-4567AA2CA047}.Release|Any CPU.Build.0 = Release|Any CPU
		{B402C674-671D-4A1B-B041-05396548581D}.Debug|Any CPU.ActiveCfg = Debug|Any CPU
		{B402C674-671D-4A1B-B041-05396548581D}.Debug|Any CPU.Build.0 = Debug|Any CPU
		{B402C674-671D-4A1B-B041-05396548581D}.Release|Any CPU.ActiveCfg = Release|Any CPU
		{B402C674-671D-4A1B-B041-05396548581D}.Release|Any CPU.Build.0 = Release|Any CPU
	EndGlobalSection
	GlobalSection(SolutionProperties) = preSolution
		HideSolutionNode = FALSE
	EndGlobalSection
	GlobalSection(ExtensibilityGlobals) = postSolution
		SolutionGuid = {3F4AE6FF-BBED-4CAE-8530-E06D56F5F8EE}
	EndGlobalSection
EndGlobal
